
Microsoft Visual Studio Solution File, Format Version 12.00
# Visual Studio Version 17
VisualStudioVersion = 17.12.35521.163 d17.12
MinimumVisualStudioVersion = 10.0.40219.1
Project("{FAE04EC0-301F-11D3-BF4B-00C04F79EFBC}") = "Ex03.GarageLogic", "Ex03 Pavel 328677513 Shoval 208232439\Ex03.GarageLogic.csproj", "{F3392D4A-5406-4758-A3C9-F46D797DB808}"
EndProject
Project("{FAE04EC0-301F-11D3-BF4B-00C04F79EFBC}") = "Ex03.ConsoleUI", "UI\Ex03.ConsoleUI.csproj", "{0A464C74-34E4-4B81-8592-95EC6EC007CA}"
EndProject
Global
	GlobalSection(SolutionConfigurationPlatforms) = preSolution
		Debug|Any CPU = Debug|Any CPU
		Release|Any CPU = Release|Any CPU
	EndGlobalSection
	GlobalSection(ProjectConfigurationPlatforms) = postSolution
		{F3392D4A-5406-4758-A3C9-F46D797DB808}.Debug|Any CPU.ActiveCfg = Debug|Any CPU
		{F3392D4A-5406-4758-A3C9-F46D797DB808}.Debug|Any CPU.Build.0 = Debug|Any CPU
		{F3392D4A-5406-4758-A3C9-F46D797DB808}.Release|Any CPU.ActiveCfg = Release|Any CPU
		{F3392D4A-5406-4758-A3C9-F46D797DB808}.Release|Any CPU.Build.0 = Release|Any CPU
		{0A464C74-34E4-4B81-8592-95EC6EC007CA}.Debug|Any CPU.ActiveCfg = Debug|Any CPU
		{0A464C74-34E4-4B81-8592-95EC6EC007CA}.Debug|Any CPU.Build.0 = Debug|Any CPU
		{0A464C74-34E4-4B81-8592-95EC6EC007CA}.Release|Any CPU.ActiveCfg = Release|Any CPU
		{0A464C74-34E4-4B81-8592-95EC6EC007CA}.Release|Any CPU.Build.0 = Release|Any CPU
	EndGlobalSection
	GlobalSection(SolutionProperties) = preSolution
		HideSolutionNode = FALSE
	EndGlobalSection
	GlobalSection(ExtensibilityGlobals) = postSolution
		SolutionGuid = {D4D16675-28A2-43F4-A0F9-EEC4197203CD}
	EndGlobalSection
EndGlobal
